// !$*UTF8*$!
{
	archiveVersion = 1;
	classes = {
	};
	objectVersion = 56;
	objects = {

/* Begin PBXBuildFile section */
		E800ECD42BE0203C00466003 /* AddTransactionVC.swift in Sources */ = {isa = PBXBuildFile; fileRef = E800ECD32BE0203C00466003 /* AddTransactionVC.swift */; };
		E8E616042BE2BF8300581CE0 /* CustomTableViewCell.swift in Sources */ = {isa = PBXBuildFile; fileRef = E8E616032BE2BF8300581CE0 /* CustomTableViewCell.swift */; };
		E8E616062BE2CC8600581CE0 /* Transaction.swift in Sources */ = {isa = PBXBuildFile; fileRef = E8E616052BE2CC8600581CE0 /* Transaction.swift */; };
		E8F0ADB72BD830AC00A4037C /* AppDelegate.swift in Sources */ = {isa = PBXBuildFile; fileRef = E8F0ADB62BD830AC00A4037C /* AppDelegate.swift */; };
		E8F0ADB92BD830AC00A4037C /* SceneDelegate.swift in Sources */ = {isa = PBXBuildFile; fileRef = E8F0ADB82BD830AC00A4037C /* SceneDelegate.swift */; };
		E8F0ADBB2BD830AC00A4037C /* ViewController.swift in Sources */ = {isa = PBXBuildFile; fileRef = E8F0ADBA2BD830AC00A4037C /* ViewController.swift */; };
		E8F0ADBE2BD830AC00A4037C /* Main.storyboard in Resources */ = {isa = PBXBuildFile; fileRef = E8F0ADBC2BD830AC00A4037C /* Main.storyboard */; };
		E8F0ADC02BD830AD00A4037C /* Assets.xcassets in Resources */ = {isa = PBXBuildFile; fileRef = E8F0ADBF2BD830AD00A4037C /* Assets.xcassets */; };
		E8F0ADC32BD830AD00A4037C /* LaunchScreen.storyboard in Resources */ = {isa = PBXBuildFile; fileRef = E8F0ADC12BD830AD00A4037C /* LaunchScreen.storyboard */; };
/* End PBXBuildFile section */

/* Begin PBXFileReference section */
		E800ECD32BE0203C00466003 /* AddTransactionVC.swift */ = {isa = PBXFileReference; lastKnownFileType = sourcecode.swift; path = AddTransactionVC.swift; sourceTree = "<group>"; };
		E8E616032BE2BF8300581CE0 /* CustomTableViewCell.swift */ = {isa = PBXFileReference; lastKnownFileType = sourcecode.swift; path = CustomTableViewCell.swift; sourceTree = "<group>"; };
		E8E616052BE2CC8600581CE0 /* Transaction.swift */ = {isa = PBXFileReference; lastKnownFileType = sourcecode.swift; path = Transaction.swift; sourceTree = "<group>"; };
		E8F0ADB32BD830AC00A4037C /* Mynance.app */ = {isa = PBXFileReference; explicitFileType = wrapper.application; includeInIndex = 0; path = Mynance.app; sourceTree = BUILT_PRODUCTS_DIR; };
		E8F0ADB62BD830AC00A4037C /* AppDelegate.swift */ = {isa = PBXFileReference; lastKnownFileType = sourcecode.swift; path = AppDelegate.swift; sourceTree = "<group>"; };
		E8F0ADB82BD830AC00A4037C /* SceneDelegate.swift */ = {isa = PBXFileReference; lastKnownFileType = sourcecode.swift; path = SceneDelegate.swift; sourceTree = "<group>"; };
		E8F0ADBA2BD830AC00A4037C /* ViewController.swift */ = {isa = PBXFileReference; lastKnownFileType = sourcecode.swift; path = ViewController.swift; sourceTree = "<group>"; };
		E8F0ADBD2BD830AC00A4037C /* Base */ = {isa = PBXFileReference; lastKnownFileType = file.storyboard; name = Base; path = Base.lproj/Main.storyboard; sourceTree = "<group>"; };
		E8F0ADBF2BD830AD00A4037C /* Assets.xcassets */ = {isa = PBXFileReference; lastKnownFileType = folder.assetcatalog; path = Assets.xcassets; sourceTree = "<group>"; };
		E8F0ADC22BD830AD00A4037C /* Base */ = {isa = PBXFileReference; lastKnownFileType = file.storyboard; name = Base; path = Base.lproj/LaunchScreen.storyboard; sourceTree = "<group>"; };
		E8F0ADC42BD830AD00A4037C /* Info.plist */ = {isa = PBXFileReference; lastKnownFileType = text.plist.xml; path = Info.plist; sourceTree = "<group>"; };
/* End PBXFileReference section */

/* Begin PBXFrameworksBuildPhase section */
		E8F0ADB02BD830AC00A4037C /* Frameworks */ = {
			isa = PBXFrameworksBuildPhase;
			buildActionMask = 2147483647;
			files = (
			);
			runOnlyForDeploymentPostprocessing = 0;
		};
/* End PBXFrameworksBuildPhase section */

/* Begin PBXGroup section */
		E8F0ADAA2BD830AC00A4037C = {
			isa = PBXGroup;
			children = (
				E8F0ADB52BD830AC00A4037C /* Mynance */,
				E8F0ADB42BD830AC00A4037C /* Products */,
			);
			sourceTree = "<group>";
		};
		E8F0ADB42BD830AC00A4037C /* Products */ = {
			isa = PBXGroup;
			children = (
				E8F0ADB32BD830AC00A4037C /* Mynance.app */,
			);
			name = Products;
			sourceTree = "<group>";
		};
		E8F0ADB52BD830AC00A4037C /* Mynance */ = {
			isa = PBXGroup;
			children = (
				E8F0ADB62BD830AC00A4037C /* AppDelegate.swift */,
				E8F0ADB82BD830AC00A4037C /* SceneDelegate.swift */,
				E8F0ADBA2BD830AC00A4037C /* ViewController.swift */,
				E8F0ADBC2BD830AC00A4037C /* Main.storyboard */,
				E8F0ADBF2BD830AD00A4037C /* Assets.xcassets */,
				E8F0ADC12BD830AD00A4037C /* LaunchScreen.storyboard */,
				E8F0ADC42BD830AD00A4037C /* Info.plist */,
				E800ECD32BE0203C00466003 /* AddTransactionVC.swift */,
				E8E616032BE2BF8300581CE0 /* CustomTableViewCell.swift */,
				E8E616052BE2CC8600581CE0 /* Transaction.swift */,
			);
			path = Mynance;
			sourceTree = "<group>";
		};
/* End PBXGroup section */

/* Begin PBXNativeTarget section */
		E8F0ADB22BD830AC00A4037C /* Mynance */ = {
			isa = PBXNativeTarget;
			buildConfigurationList = E8F0ADC72BD830AD00A4037C /* Build configuration list for PBXNativeTarget "Mynance" */;
			buildPhases = (
				E8F0ADAF2BD830AC00A4037C /* Sources */,
				E8F0ADB02BD830AC00A4037C /* Frameworks */,
				E8F0ADB12BD830AC00A4037C /* Resources */,
			);
			buildRules = (
			);
			dependencies = (
			);
			name = Mynance;
			productName = Mynance;
			productReference = E8F0ADB32BD830AC00A4037C /* Mynance.app */;
			productType = "com.apple.product-type.application";
		};
/* End PBXNativeTarget section */

/* Begin PBXProject section */
		E8F0ADAB2BD830AC00A4037C /* Project object */ = {
			isa = PBXProject;
			attributes = {
				BuildIndependentTargetsInParallel = 1;
				LastSwiftUpdateCheck = 1430;
				LastUpgradeCheck = 1430;
				TargetAttributes = {
					E8F0ADB22BD830AC00A4037C = {
						CreatedOnToolsVersion = 14.3.1;
					};
				};
			};
			buildConfigurationList = E8F0ADAE2BD830AC00A4037C /* Build configuration list for PBXProject "Mynance" */;
			compatibilityVersion = "Xcode 14.0";
			developmentRegion = en;
			hasScannedForEncodings = 0;
			knownRegions = (
				en,
				Base,
			);
			mainGroup = E8F0ADAA2BD830AC00A4037C;
			productRefGroup = E8F0ADB42BD830AC00A4037C /* Products */;
			projectDirPath = "";
			projectRoot = "";
			targets = (
				E8F0ADB22BD830AC00A4037C /* Mynance */,
			);
		};
/* End PBXProject section */

/* Begin PBXResourcesBuildPhase section */
		E8F0ADB12BD830AC00A4037C /* Resources */ = {
			isa = PBXResourcesBuildPhase;
			buildActionMask = 2147483647;
			files = (
				E8F0ADC32BD830AD00A4037C /* LaunchScreen.storyboard in Resources */,
				E8F0ADC02BD830AD00A4037C /* Assets.xcassets in Resources */,
				E8F0ADBE2BD830AC00A4037C /* Main.storyboard in Resources */,
			);
			runOnlyForDeploymentPostprocessing = 0;
		};
/* End PBXResourcesBuildPhase section */

/* Begin PBXSourcesBuildPhase section */
		E8F0ADAF2BD830AC00A4037C /* Sources */ = {
			isa = PBXSourcesBuildPhase;
			buildActionMask = 2147483647;
			files = (
				E8F0ADBB2BD830AC00A4037C /* ViewController.swift in Sources */,
				E8E616042BE2BF8300581CE0 /* CustomTableViewCell.swift in Sources */,
				E8E616062BE2CC8600581CE0 /* Transaction.swift in Sources */,
				E800ECD42BE0203C00466003 /* AddTransactionVC.swift in Sources */,
				E8F0ADB72BD830AC00A4037C /* AppDelegate.swift in Sources */,
				E8F0ADB92BD830AC00A4037C /* SceneDelegate.swift in Sources */,
			);
			runOnlyForDeploymentPostprocessing = 0;
		};
/* End PBXSourcesBuildPhase section */

/* Begin PBXVariantGroup section */
		E8F0ADBC2BD830AC00A4037C /* Main.storyboard */ = {
			isa = PBXVariantGroup;
			children = (
				E8F0ADBD2BD830AC00A4037C /* Base */,
			);
			name = Main.storyboard;
			sourceTree = "<group>";
		};
		E8F0ADC12BD830AD00A4037C /* LaunchScreen.storyboard */ = {
			isa = PBXVariantGroup;
			children = (
				E8F0ADC22BD830AD00A4037C /* Base */,
			);
			name = LaunchScreen.storyboard;
			sourceTree = "<group>";
		};
/* End PBXVariantGroup section */

/* Begin XCBuildConfiguration section */
		E8F0ADC52BD830AD00A4037C /* Debug */ = {
			isa = XCBuildConfiguration;
			buildSettings = {
				ALWAYS_SEARCH_USER_PATHS = NO;
				CLANG_ANALYZER_NONNULL = YES;
				CLANG_ANALYZER_NUMBER_OBJECT_CONVERSION = YES_AGGRESSIVE;
				CLANG_CXX_LANGUAGE_STANDARD = "gnu++20";
				CLANG_ENABLE_MODULES = YES;
				CLANG_ENABLE_OBJC_ARC = YES;
				CLANG_ENABLE_OBJC_WEAK = YES;
				CLANG_WARN_BLOCK_CAPTURE_AUTORELEASING = YES;
				CLANG_WARN_BOOL_CONVERSION = YES;
				CLANG_WARN_COMMA = YES;
				CLANG_WARN_CONSTANT_CONVERSION = YES;
				CLANG_WARN_DEPRECATED_OBJC_IMPLEMENTATIONS = YES;
				CLANG_WARN_DIRECT_OBJC_ISA_USAGE = YES_ERROR;
				CLANG_WARN_DOCUMENTATION_COMMENTS = YES;
				CLANG_WARN_EMPTY_BODY = YES;
				CLANG_WARN_ENUM_CONVERSION = YES;
				CLANG_WARN_INFINITE_RECURSION = YES;
				CLANG_WARN_INT_CONVERSION = YES;
				CLANG_WARN_NON_LITERAL_NULL_CONVERSION = YES;
				CLANG_WARN_OBJC_IMPLICIT_RETAIN_SELF = YES;
				CLANG_WARN_OBJC_LITERAL_CONVERSION = YES;
				CLANG_WARN_OBJC_ROOT_CLASS = YES_ERROR;
				CLANG_WARN_QUOTED_INCLUDE_IN_FRAMEWORK_HEADER = YES;
				CLANG_WARN_RANGE_LOOP_ANALYSIS = YES;
				CLANG_WARN_STRICT_PROTOTYPES = YES;
				CLANG_WARN_SUSPICIOUS_MOVE = YES;
				CLANG_WARN_UNGUARDED_AVAILABILITY = YES_AGGRESSIVE;
				CLANG_WARN_UNREACHABLE_CODE = YES;
				CLANG_WARN__DUPLICATE_METHOD_MATCH = YES;
				COPY_PHASE_STRIP = NO;
				DEBUG_INFORMATION_FORMAT = dwarf;
				ENABLE_STRICT_OBJC_MSGSEND = YES;
				ENABLE_TESTABILITY = YES;
				GCC_C_LANGUAGE_STANDARD = gnu11;
				GCC_DYNAMIC_NO_PIC = NO;
				GCC_NO_COMMON_BLOCKS = YES;
				GCC_OPTIMIZATION_LEVEL = 0;
				GCC_PREPROCESSOR_DEFINITIONS = (
					"DEBUG=1",
					"$(inherited)",
				);
				GCC_WARN_64_TO_32_BIT_CONVERSION = YES;
				GCC_WARN_ABOUT_RETURN_TYPE = YES_ERROR;
				GCC_WARN_UNDECLARED_SELECTOR = YES;
				GCC_WARN_UNINITIALIZED_AUTOS = YES_AGGRESSIVE;
				GCC_WARN_UNUSED_FUNCTION = YES;
				GCC_WARN_UNUSED_VARIABLE = YES;
				IPHONEOS_DEPLOYMENT_TARGET = 16.4;
				MTL_ENABLE_DEBUG_INFO = INCLUDE_SOURCE;
				MTL_FAST_MATH = YES;
				ONLY_ACTIVE_ARCH = YES;
				SDKROOT = iphoneos;
				SWIFT_ACTIVE_COMPILATION_CONDITIONS = DEBUG;
				SWIFT_OPTIMIZATION_LEVEL = "-Onone";
			};
			name = Debug;
		};
		E8F0ADC62BD830AD00A4037C /* Release */ = {
			isa = XCBuildConfiguration;
			buildSettings = {
				ALWAYS_SEARCH_USER_PATHS = NO;
				CLANG_ANALYZER_NONNULL = YES;
				CLANG_ANALYZER_NUMBER_OBJECT_CONVERSION = YES_AGGRESSIVE;
				CLANG_CXX_LANGUAGE_STANDARD = "gnu++20";
				CLANG_ENABLE_MODULES = YES;
				CLANG_ENABLE_OBJC_ARC = YES;
				CLANG_ENABLE_OBJC_WEAK = YES;
				CLANG_WARN_BLOCK_CAPTURE_AUTORELEASING = YES;
				CLANG_WARN_BOOL_CONVERSION = YES;
				CLANG_WARN_COMMA = YES;
				CLANG_WARN_CONSTANT_CONVERSION = YES;
				CLANG_WARN_DEPRECATED_OBJC_IMPLEMENTATIONS = YES;
				CLANG_WARN_DIRECT_OBJC_ISA_USAGE = YES_ERROR;
				CLANG_WARN_DOCUMENTATION_COMMENTS = YES;
				CLANG_WARN_EMPTY_BODY = YES;
				CLANG_WARN_ENUM_CONVERSION = YES;
				CLANG_WARN_INFINITE_RECURSION = YES;
				CLANG_WARN_INT_CONVERSION = YES;
				CLANG_WARN_NON_LITERAL_NULL_CONVERSION = YES;
				CLANG_WARN_OBJC_IMPLICIT_RETAIN_SELF = YES;
				CLANG_WARN_OBJC_LITERAL_CONVERSION = YES;
				CLANG_WARN_OBJC_ROOT_CLASS = YES_ERROR;
				CLANG_WARN_QUOTED_INCLUDE_IN_FRAMEWORK_HEADER = YES;
				CLANG_WARN_RANGE_LOOP_ANALYSIS = YES;
				CLANG_WARN_STRICT_PROTOTYPES = YES;
				CLANG_WARN_SUSPICIOUS_MOVE = YES;
				CLANG_WARN_UNGUARDED_AVAILABILITY = YES_AGGRESSIVE;
				CLANG_WARN_UNREACHABLE_CODE = YES;
				CLANG_WARN__DUPLICATE_METHOD_MATCH = YES;
				COPY_PHASE_STRIP = NO;
				DEBUG_INFORMATION_FORMAT = "dwarf-with-dsym";
				ENABLE_NS_ASSERTIONS = NO;
				ENABLE_STRICT_OBJC_MSGSEND = YES;
				GCC_C_LANGUAGE_STANDARD = gnu11;
				GCC_NO_COMMON_BLOCKS = YES;
				GCC_WARN_64_TO_32_BIT_CONVERSION = YES;
				GCC_WARN_ABOUT_RETURN_TYPE = YES_ERROR;
				GCC_WARN_UNDECLARED_SELECTOR = YES;
				GCC_WARN_UNINITIALIZED_AUTOS = YES_AGGRESSIVE;
				GCC_WARN_UNUSED_FUNCTION = YES;
				GCC_WARN_UNUSED_VARIABLE = YES;
				IPHONEOS_DEPLOYMENT_TARGET = 16.4;
				MTL_ENABLE_DEBUG_INFO = NO;
				MTL_FAST_MATH = YES;
				SDKROOT = iphoneos;
				SWIFT_COMPILATION_MODE = wholemodule;
				SWIFT_OPTIMIZATION_LEVEL = "-O";
				VALIDATE_PRODUCT = YES;
			};
			name = Release;
		};
		E8F0ADC82BD830AD00A4037C /* Debug */ = {
			isa = XCBuildConfiguration;
			buildSettings = {
				ASSETCATALOG_COMPILER_APPICON_NAME = AppIcon;
				ASSETCATALOG_COMPILER_GLOBAL_ACCENT_COLOR_NAME = AccentColor;
				CODE_SIGN_STYLE = Automatic;
				CURRENT_PROJECT_VERSION = 1;
				GENERATE_INFOPLIST_FILE = YES;
				INFOPLIST_FILE = Mynance/Info.plist;
				INFOPLIST_KEY_UIApplicationSupportsIndirectInputEvents = YES;
				INFOPLIST_KEY_UILaunchStoryboardName = LaunchScreen;
				INFOPLIST_KEY_UIMainStoryboardFile = Main;
				INFOPLIST_KEY_UISupportedInterfaceOrientations_iPad = "UIInterfaceOrientationPortrait UIInterfaceOrientationPortraitUpsideDown UIInterfaceOrientationLandscapeLeft UIInterfaceOrientationLandscapeRight";
				INFOPLIST_KEY_UISupportedInterfaceOrientations_iPhone = "UIInterfaceOrientationPortrait UIInterfaceOrientationLandscapeLeft UIInterfaceOrientationLandscapeRight";
				LD_RUNPATH_SEARCH_PATHS = (
					"$(inherited)",
					"@executable_path/Frameworks",
				);
				MARKETING_VERSION = 1.0;
				PRODUCT_BUNDLE_IDENTIFIER = codingwithkush.Mynance;
				PRODUCT_NAME = "$(TARGET_NAME)";
				SWIFT_EMIT_LOC_STRINGS = YES;
				SWIFT_VERSION = 5.0;
				TARGETED_DEVICE_FAMILY = "1,2";
			};
			name = Debug;
		};
		E8F0ADC92BD830AD00A4037C /* Release */ = {
			isa = XCBuildConfiguration;
			buildSettings = {
				ASSETCATALOG_COMPILER_APPICON_NAME = AppIcon;
				ASSETCATALOG_COMPILER_GLOBAL_ACCENT_COLOR_NAME = AccentColor;
				CODE_SIGN_STYLE = Automatic;
				CURRENT_PROJECT_VERSION = 1;
				GENERATE_INFOPLIST_FILE = YES;
				INFOPLIST_FILE = Mynance/Info.plist;
				INFOPLIST_KEY_UIApplicationSupportsIndirectInputEvents = YES;
				INFOPLIST_KEY_UILaunchStoryboardName = LaunchScreen;
				INFOPLIST_KEY_UIMainStoryboardFile = Main;
				INFOPLIST_KEY_UISupportedInterfaceOrientations_iPad = "UIInterfaceOrientationPortrait UIInterfaceOrientationPortraitUpsideDown UIInterfaceOrientationLandscapeLeft UIInterfaceOrientationLandscapeRight";
				INFOPLIST_KEY_UISupportedInterfaceOrientations_iPhone = "UIInterfaceOrientationPortrait UIInterfaceOrientationLandscapeLeft UIInterfaceOrientationLandscapeRight";
				LD_RUNPATH_SEARCH_PATHS = (
					"$(inherited)",
					"@executable_path/Frameworks",
				);
				MARKETING_VERSION = 1.0;
				PRODUCT_BUNDLE_IDENTIFIER = codingwithkush.Mynance;
				PRODUCT_NAME = "$(TARGET_NAME)";
				SWIFT_EMIT_LOC_STRINGS = YES;
				SWIFT_VERSION = 5.0;
				TARGETED_DEVICE_FAMILY = "1,2";
			};
			name = Release;
		};
/* End XCBuildConfiguration section */

/* Begin XCConfigurationList section */
		E8F0ADAE2BD830AC00A4037C /* Build configuration list for PBXProject "Mynance" */ = {
			isa = XCConfigurationList;
			buildConfigurations = (
				E8F0ADC52BD830AD00A4037C /* Debug */,
				E8F0ADC62BD830AD00A4037C /* Release */,
			);
			defaultConfigurationIsVisible = 0;
			defaultConfigurationName = Release;
		};
		E8F0ADC72BD830AD00A4037C /* Build configuration list for PBXNativeTarget "Mynance" */ = {
			isa = XCConfigurationList;
			buildConfigurations = (
				E8F0ADC82BD830AD00A4037C /* Debug */,
				E8F0ADC92BD830AD00A4037C /* Release */,
			);
			defaultConfigurationIsVisible = 0;
			defaultConfigurationName = Release;
		};
/* End XCConfigurationList section */
	};
	rootObject = E8F0ADAB2BD830AC00A4037C /* Project object */;
}
